
Microsoft Visual Studio Solution File, Format Version 12.00
# Visual Studio Version 17
VisualStudioVersion = 17.3.32922.545
MinimumVisualStudioVersion = 10.0.40219.1
Project("{FAE04EC0-301F-11D3-BF4B-00C04F79EFBC}") = "ITMO.ASP.MVC.Course2022.Lab", "ITMO.ASP.MVC.Course2022.Lab\ITMO.ASP.MVC.Course2022.Lab.csproj", "{7C000D06-27EA-428A-A248-E85B127FCB98}"
EndProject
Global
	GlobalSection(SolutionConfigurationPlatforms) = preSolution
		Debug|Any CPU = Debug|Any CPU
		Release|Any CPU = Release|Any CPU
	EndGlobalSection
	GlobalSection(ProjectConfigurationPlatforms) = postSolution
		{7C000D06-27EA-428A-A248-E85B127FCB98}.Debug|Any CPU.ActiveCfg = Debug|Any CPU
		{7C000D06-27EA-428A-A248-E85B127FCB98}.Debug|Any CPU.Build.0 = Debug|Any CPU
		{7C000D06-27EA-428A-A248-E85B127FCB98}.Release|Any CPU.ActiveCfg = Release|Any CPU
		{7C000D06-27EA-428A-A248-E85B127FCB98}.Release|Any CPU.Build.0 = Release|Any CPU
	EndGlobalSection
	GlobalSection(SolutionProperties) = preSolution
		HideSolutionNode = FALSE
	EndGlobalSection
	GlobalSection(ExtensibilityGlobals) = postSolution
		SolutionGuid = {F0E8FEB2-E634-4C3E-9839-5F63C44F5665}
	EndGlobalSection
EndGlobal
