
Microsoft Visual Studio Solution File, Format Version 12.00
# Visual Studio Version 17
VisualStudioVersion = 17.3.32922.545
MinimumVisualStudioVersion = 10.0.40219.1
Project("{FAE04EC0-301F-11D3-BF4B-00C04F79EFBC}") = "ITMO.ASP.MVC.Course2022.Lab4", "ITMO.ASP.MVC.Course2022.Lab4\ITMO.ASP.MVC.Course2022.Lab4.csproj", "{2D07DB1E-B36D-40F1-A808-6422E10B01CF}"
EndProject
Global
	GlobalSection(SolutionConfigurationPlatforms) = preSolution
		Debug|Any CPU = Debug|Any CPU
		Release|Any CPU = Release|Any CPU
	EndGlobalSection
	GlobalSection(ProjectConfigurationPlatforms) = postSolution
		{2D07DB1E-B36D-40F1-A808-6422E10B01CF}.Debug|Any CPU.ActiveCfg = Debug|Any CPU
		{2D07DB1E-B36D-40F1-A808-6422E10B01CF}.Debug|Any CPU.Build.0 = Debug|Any CPU
		{2D07DB1E-B36D-40F1-A808-6422E10B01CF}.Release|Any CPU.ActiveCfg = Release|Any CPU
		{2D07DB1E-B36D-40F1-A808-6422E10B01CF}.Release|Any CPU.Build.0 = Release|Any CPU
	EndGlobalSection
	GlobalSection(SolutionProperties) = preSolution
		HideSolutionNode = FALSE
	EndGlobalSection
	GlobalSection(ExtensibilityGlobals) = postSolution
		SolutionGuid = {74B82F7A-5DD2-4DAF-958F-F2E5D9B34C97}
	EndGlobalSection
EndGlobal
